
Microsoft Visual Studio Solution File, Format Version 12.00
# Visual Studio 15
VisualStudioVersion = 15.0.27130.2027
MinimumVisualStudioVersion = 10.0.40219.1
Project("{FAE04EC0-301F-11D3-BF4B-00C04F79EFBC}") = "BookNote", "BookNote\BookNote.csproj", "{330E7C98-DD8B-4BBB-8484-FA6390038A62}"
EndProject
Global
	GlobalSection(SolutionConfigurationPlatforms) = preSolution
		Debug|Any CPU = Debug|Any CPU
		Release|Any CPU = Release|Any CPU
	EndGlobalSection
	GlobalSection(ProjectConfigurationPlatforms) = postSolution
		{330E7C98-DD8B-4BBB-8484-FA6390038A62}.Debug|Any CPU.ActiveCfg = Debug|Any CPU
		{330E7C98-DD8B-4BBB-8484-FA6390038A62}.Debug|Any CPU.Build.0 = Debug|Any CPU
		{330E7C98-DD8B-4BBB-8484-FA6390038A62}.Release|Any CPU.ActiveCfg = Release|Any CPU
		{330E7C98-DD8B-4BBB-8484-FA6390038A62}.Release|Any CPU.Build.0 = Release|Any CPU
	EndGlobalSection
	GlobalSection(SolutionProperties) = preSolution
		HideSolutionNode = FALSE
	EndGlobalSection
	GlobalSection(ExtensibilityGlobals) = postSolution
		SolutionGuid = {9E4DD3AD-AF35-465C-8A1D-303D26E49AF2}
	EndGlobalSection
EndGlobal
